
Microsoft Visual Studio Solution File, Format Version 12.00
# Visual Studio Version 16
VisualStudioVersion = 16.0.29215.179
MinimumVisualStudioVersion = 10.0.40219.1
Project("{FAE04EC0-301F-11D3-BF4B-00C04F79EFBC}") = "Fasetto.Word", "Fasetto.Word\Fasetto.Word.csproj", "{C6B1FFB0-05A4-4C9C-9411-ADFC39DC2FF0}"
EndProject
Global
	GlobalSection(SolutionConfigurationPlatforms) = preSolution
		Debug|Any CPU = Debug|Any CPU
		Release|Any CPU = Release|Any CPU
	EndGlobalSection
	GlobalSection(ProjectConfigurationPlatforms) = postSolution
		{C6B1FFB0-05A4-4C9C-9411-ADFC39DC2FF0}.Debug|Any CPU.ActiveCfg = Debug|Any CPU
		{C6B1FFB0-05A4-4C9C-9411-ADFC39DC2FF0}.Debug|Any CPU.Build.0 = Debug|Any CPU
		{C6B1FFB0-05A4-4C9C-9411-ADFC39DC2FF0}.Release|Any CPU.ActiveCfg = Release|Any CPU
		{C6B1FFB0-05A4-4C9C-9411-ADFC39DC2FF0}.Release|Any CPU.Build.0 = Release|Any CPU
	EndGlobalSection
	GlobalSection(SolutionProperties) = preSolution
		HideSolutionNode = FALSE
	EndGlobalSection
	GlobalSection(ExtensibilityGlobals) = postSolution
		SolutionGuid = {B0229158-DF46-4B37-97E5-904E4DB696FF}
	EndGlobalSection
EndGlobal
